
Microsoft Visual Studio Solution File, Format Version 12.00
# Visual Studio Version 17
VisualStudioVersion = 17.4.33103.184
MinimumVisualStudioVersion = 10.0.40219.1
Project("{8BC9CEB8-8B4A-11D0-8D11-00A0C91BC942}") = "homework hafumanshu", "homework hafumanshu\homework hafumanshu.vcxproj", "{D7D74C94-2518-4D6B-B0D3-BAA98AAFF58C}"
EndProject
Global
	GlobalSection(SolutionConfigurationPlatforms) = preSolution
		Debug|x64 = Debug|x64
		Debug|x86 = Debug|x86
		Release|x64 = Release|x64
		Release|x86 = Release|x86
	EndGlobalSection
	GlobalSection(ProjectConfigurationPlatforms) = postSolution
		{D7D74C94-2518-4D6B-B0D3-BAA98AAFF58C}.Debug|x64.ActiveCfg = Debug|x64
		{D7D74C94-2518-4D6B-B0D3-BAA98AAFF58C}.Debug|x64.Build.0 = Debug|x64
		{D7D74C94-2518-4D6B-B0D3-BAA98AAFF58C}.Debug|x86.ActiveCfg = Debug|Win32
		{D7D74C94-2518-4D6B-B0D3-BAA98AAFF58C}.Debug|x86.Build.0 = Debug|Win32
		{D7D74C94-2518-4D6B-B0D3-BAA98AAFF58C}.Release|x64.ActiveCfg = Release|x64
		{D7D74C94-2518-4D6B-B0D3-BAA98AAFF58C}.Release|x64.Build.0 = Release|x64
		{D7D74C94-2518-4D6B-B0D3-BAA98AAFF58C}.Release|x86.ActiveCfg = Release|Win32
		{D7D74C94-2518-4D6B-B0D3-BAA98AAFF58C}.Release|x86.Build.0 = Release|Win32
	EndGlobalSection
	GlobalSection(SolutionProperties) = preSolution
		HideSolutionNode = FALSE
	EndGlobalSection
	GlobalSection(ExtensibilityGlobals) = postSolution
		SolutionGuid = {50C87E1A-91BD-4B91-AAB4-C14424737E45}
	EndGlobalSection
EndGlobal
