
Microsoft Visual Studio Solution File, Format Version 12.00
# Visual Studio Version 17
VisualStudioVersion = 17.4.33103.184
MinimumVisualStudioVersion = 10.0.40219.1
Project("{8BC9CEB8-8B4A-11D0-8D11-00A0C91BC942}") = "homework 10", "homework 10\homework 10.vcxproj", "{ABDF1A8F-20ED-4020-81B3-6DF11F4C797B}"
EndProject
Global
	GlobalSection(SolutionConfigurationPlatforms) = preSolution
		Debug|x64 = Debug|x64
		Debug|x86 = Debug|x86
		Release|x64 = Release|x64
		Release|x86 = Release|x86
	EndGlobalSection
	GlobalSection(ProjectConfigurationPlatforms) = postSolution
		{ABDF1A8F-20ED-4020-81B3-6DF11F4C797B}.Debug|x64.ActiveCfg = Debug|x64
		{ABDF1A8F-20ED-4020-81B3-6DF11F4C797B}.Debug|x64.Build.0 = Debug|x64
		{ABDF1A8F-20ED-4020-81B3-6DF11F4C797B}.Debug|x86.ActiveCfg = Debug|Win32
		{ABDF1A8F-20ED-4020-81B3-6DF11F4C797B}.Debug|x86.Build.0 = Debug|Win32
		{ABDF1A8F-20ED-4020-81B3-6DF11F4C797B}.Release|x64.ActiveCfg = Release|x64
		{ABDF1A8F-20ED-4020-81B3-6DF11F4C797B}.Release|x64.Build.0 = Release|x64
		{ABDF1A8F-20ED-4020-81B3-6DF11F4C797B}.Release|x86.ActiveCfg = Release|Win32
		{ABDF1A8F-20ED-4020-81B3-6DF11F4C797B}.Release|x86.Build.0 = Release|Win32
	EndGlobalSection
	GlobalSection(SolutionProperties) = preSolution
		HideSolutionNode = FALSE
	EndGlobalSection
	GlobalSection(ExtensibilityGlobals) = postSolution
		SolutionGuid = {5BEF7A15-885E-4A4C-8EFD-1F6423D939E5}
	EndGlobalSection
EndGlobal
